// !$*UTF8*$!
{
	archiveVersion = 1;
	classes = {
	};
	objectVersion = 46;
	objects = {

/* Begin PBXBuildFile section */
		1D3623260D0F684500981E51 /* SysControlAppDelegate.m in Sources */ = {isa = PBXBuildFile; fileRef = 1D3623250D0F684500981E51 /* SysControlAppDelegate.m */; };
		1D60589B0D05DD56006BFB54 /* main.m in Sources */ = {isa = PBXBuildFile; fileRef = 29B97316FDCFA39411CA2CEA /* main.m */; };
		1D60589F0D05DD5A006BFB54 /* Foundation.framework in Frameworks */ = {isa = PBXBuildFile; fileRef = 1D30AB110D05D00D00671497 /* Foundation.framework */; };
		1DF5F4E00D08C38300B7A737 /* UIKit.framework in Frameworks */ = {isa = PBXBuildFile; fileRef = 1DF5F4DF0D08C38300B7A737 /* UIKit.framework */; };
		28193060112F816700ECF9B4 /* SysControl.xcdatamodeld in Sources */ = {isa = PBXBuildFile; fileRef = 2819305F112F816700ECF9B4 /* SysControl.xcdatamodeld */; };
		288765A50DF7441C002DB57D /* CoreGraphics.framework in Frameworks */ = {isa = PBXBuildFile; fileRef = 288765A40DF7441C002DB57D /* CoreGraphics.framework */; };
		28AD733F0D9D9553002E5188 /* MainWindow.xib in Resources */ = {isa = PBXBuildFile; fileRef = 28AD733E0D9D9553002E5188 /* MainWindow.xib */; };
		28D801B40F44B63D00FB423F /* CoreData.framework in Frameworks */ = {isa = PBXBuildFile; fileRef = 28D801B30F44B63D00FB423F /* CoreData.framework */; };
		CF1FCE8B12F98711000709B8 /* apple-touch-icon-256.png in Resources */ = {isa = PBXBuildFile; fileRef = CF1FCE8A12F98711000709B8 /* apple-touch-icon-256.png */; };
		CF1FCE9412F9877F000709B8 /* FirstTabViewController.m in Sources */ = {isa = PBXBuildFile; fileRef = CF1FCE8D12F9877F000709B8 /* FirstTabViewController.m */; };
		CF1FCE9512F9877F000709B8 /* FourthTabViewController.m in Sources */ = {isa = PBXBuildFile; fileRef = CF1FCE8F12F9877F000709B8 /* FourthTabViewController.m */; };
		CF1FCE9612F9877F000709B8 /* SecondTabViewController.m in Sources */ = {isa = PBXBuildFile; fileRef = CF1FCE9112F9877F000709B8 /* SecondTabViewController.m */; };
		CF1FCE9712F9877F000709B8 /* ThirdTabViewController.m in Sources */ = {isa = PBXBuildFile; fileRef = CF1FCE9312F9877F000709B8 /* ThirdTabViewController.m */; };
		CF1FCE9C12F9878B000709B8 /* DeviceProperties.m in Sources */ = {isa = PBXBuildFile; fileRef = CF1FCE9912F9878B000709B8 /* DeviceProperties.m */; };
		CF1FCE9D12F9878B000709B8 /* DevicePropertiesFactory.m in Sources */ = {isa = PBXBuildFile; fileRef = CF1FCE9B12F9878B000709B8 /* DevicePropertiesFactory.m */; };
		CF1FCE9F12F98799000709B8 /* ThirdTabView.xib in Resources */ = {isa = PBXBuildFile; fileRef = CF1FCE9E12F98799000709B8 /* ThirdTabView.xib */; };
		CF1FCEA412F987A2000709B8 /* 19-gear.png in Resources */ = {isa = PBXBuildFile; fileRef = CF1FCEA012F987A2000709B8 /* 19-gear.png */; };
		CF1FCEA512F987A2000709B8 /* 32-iphone.png in Resources */ = {isa = PBXBuildFile; fileRef = CF1FCEA112F987A2000709B8 /* 32-iphone.png */; };
		CF1FCEA612F987A2000709B8 /* 73-radar.png in Resources */ = {isa = PBXBuildFile; fileRef = CF1FCEA212F987A2000709B8 /* 73-radar.png */; };
		CF1FCEA712F987A2000709B8 /* 81-dashboard.png in Resources */ = {isa = PBXBuildFile; fileRef = CF1FCEA312F987A2000709B8 /* 81-dashboard.png */; };
		CF1FCEAE12F98834000709B8 /* CoreLocation.framework in Frameworks */ = {isa = PBXBuildFile; fileRef = CF1FCEAD12F98834000709B8 /* CoreLocation.framework */; };
/* End PBXBuildFile section */

/* Begin PBXFileReference section */
		1D30AB110D05D00D00671497 /* Foundation.framework */ = {isa = PBXFileReference; lastKnownFileType = wrapper.framework; name = Foundation.framework; path = System/Library/Frameworks/Foundation.framework; sourceTree = SDKROOT; };
		1D3623240D0F684500981E51 /* SysControlAppDelegate.h */ = {isa = PBXFileReference; fileEncoding = 4; lastKnownFileType = sourcecode.c.h; path = SysControlAppDelegate.h; sourceTree = "<group>"; };
		1D3623250D0F684500981E51 /* SysControlAppDelegate.m */ = {isa = PBXFileReference; fileEncoding = 4; lastKnownFileType = sourcecode.c.objc; path = SysControlAppDelegate.m; sourceTree = "<group>"; };
		1D6058910D05DD3D006BFB54 /* SysControl.app */ = {isa = PBXFileReference; explicitFileType = wrapper.application; includeInIndex = 0; path = SysControl.app; sourceTree = BUILT_PRODUCTS_DIR; };
		1DF5F4DF0D08C38300B7A737 /* UIKit.framework */ = {isa = PBXFileReference; lastKnownFileType = wrapper.framework; name = UIKit.framework; path = System/Library/Frameworks/UIKit.framework; sourceTree = SDKROOT; };
		288765A40DF7441C002DB57D /* CoreGraphics.framework */ = {isa = PBXFileReference; lastKnownFileType = wrapper.framework; name = CoreGraphics.framework; path = System/Library/Frameworks/CoreGraphics.framework; sourceTree = SDKROOT; };
		28AD733E0D9D9553002E5188 /* MainWindow.xib */ = {isa = PBXFileReference; lastKnownFileType = file.xib; path = MainWindow.xib; sourceTree = "<group>"; };
		28C3AD890F43EF2300507BA6 /* SysControl.xcdatamodel */ = {isa = PBXFileReference; fileEncoding = 4; lastKnownFileType = wrapper.xcdatamodel; path = SysControl.xcdatamodel; sourceTree = "<group>"; };
		28D801B30F44B63D00FB423F /* CoreData.framework */ = {isa = PBXFileReference; lastKnownFileType = wrapper.framework; name = CoreData.framework; path = System/Library/Frameworks/CoreData.framework; sourceTree = SDKROOT; };
		29B97316FDCFA39411CA2CEA /* main.m */ = {isa = PBXFileReference; fileEncoding = 4; lastKnownFileType = sourcecode.c.objc; path = main.m; sourceTree = "<group>"; };
		32CA4F630368D1EE00C91783 /* SysControl_Prefix.pch */ = {isa = PBXFileReference; fileEncoding = 4; lastKnownFileType = sourcecode.c.h; path = SysControl_Prefix.pch; sourceTree = "<group>"; };
		8D1107310486CEB800E47090 /* SysControl-Info.plist */ = {isa = PBXFileReference; fileEncoding = 4; lastKnownFileType = text.plist.xml; path = "SysControl-Info.plist"; plistStructureDefinitionIdentifier = "com.apple.xcode.plist.structure-definition.iphone.info-plist"; sourceTree = "<group>"; };
		CF1FCE8A12F98711000709B8 /* apple-touch-icon-256.png */ = {isa = PBXFileReference; lastKnownFileType = image.png; path = "apple-touch-icon-256.png"; sourceTree = "<group>"; };
		CF1FCE8C12F9877F000709B8 /* FirstTabViewController.h */ = {isa = PBXFileReference; fileEncoding = 4; lastKnownFileType = sourcecode.c.h; path = FirstTabViewController.h; sourceTree = "<group>"; };
		CF1FCE8D12F9877F000709B8 /* FirstTabViewController.m */ = {isa = PBXFileReference; fileEncoding = 4; lastKnownFileType = sourcecode.c.objc; path = FirstTabViewController.m; sourceTree = "<group>"; };
		CF1FCE8E12F9877F000709B8 /* FourthTabViewController.h */ = {isa = PBXFileReference; fileEncoding = 4; lastKnownFileType = sourcecode.c.h; path = FourthTabViewController.h; sourceTree = "<group>"; };
		CF1FCE8F12F9877F000709B8 /* FourthTabViewController.m */ = {isa = PBXFileReference; fileEncoding = 4; lastKnownFileType = sourcecode.c.objc; path = FourthTabViewController.m; sourceTree = "<group>"; };
		CF1FCE9012F9877F000709B8 /* SecondTabViewController.h */ = {isa = PBXFileReference; fileEncoding = 4; lastKnownFileType = sourcecode.c.h; path = SecondTabViewController.h; sourceTree = "<group>"; };
		CF1FCE9112F9877F000709B8 /* SecondTabViewController.m */ = {isa = PBXFileReference; fileEncoding = 4; lastKnownFileType = sourcecode.c.objc; path = SecondTabViewController.m; sourceTree = "<group>"; };
		CF1FCE9212F9877F000709B8 /* ThirdTabViewController.h */ = {isa = PBXFileReference; fileEncoding = 4; lastKnownFileType = sourcecode.c.h; path = ThirdTabViewController.h; sourceTree = "<group>"; };
		CF1FCE9312F9877F000709B8 /* ThirdTabViewController.m */ = {isa = PBXFileReference; fileEncoding = 4; lastKnownFileType = sourcecode.c.objc; path = ThirdTabViewController.m; sourceTree = "<group>"; };
		CF1FCE9812F9878B000709B8 /* DeviceProperties.h */ = {isa = PBXFileReference; fileEncoding = 4; lastKnownFileType = sourcecode.c.h; path = DeviceProperties.h; sourceTree = "<group>"; };
		CF1FCE9912F9878B000709B8 /* DeviceProperties.m */ = {isa = PBXFileReference; fileEncoding = 4; lastKnownFileType = sourcecode.c.objc; path = DeviceProperties.m; sourceTree = "<group>"; };
		CF1FCE9A12F9878B000709B8 /* DevicePropertiesFactory.h */ = {isa = PBXFileReference; fileEncoding = 4; lastKnownFileType = sourcecode.c.h; path = DevicePropertiesFactory.h; sourceTree = "<group>"; };
		CF1FCE9B12F9878B000709B8 /* DevicePropertiesFactory.m */ = {isa = PBXFileReference; fileEncoding = 4; lastKnownFileType = sourcecode.c.objc; path = DevicePropertiesFactory.m; sourceTree = "<group>"; };
		CF1FCE9E12F98799000709B8 /* ThirdTabView.xib */ = {isa = PBXFileReference; lastKnownFileType = file.xib; path = ThirdTabView.xib; sourceTree = "<group>"; };
		CF1FCEA012F987A2000709B8 /* 19-gear.png */ = {isa = PBXFileReference; lastKnownFileType = image.png; path = "19-gear.png"; sourceTree = "<group>"; };
		CF1FCEA112F987A2000709B8 /* 32-iphone.png */ = {isa = PBXFileReference; lastKnownFileType = image.png; path = "32-iphone.png"; sourceTree = "<group>"; };
		CF1FCEA212F987A2000709B8 /* 73-radar.png */ = {isa = PBXFileReference; lastKnownFileType = image.png; path = "73-radar.png"; sourceTree = "<group>"; };
		CF1FCEA312F987A2000709B8 /* 81-dashboard.png */ = {isa = PBXFileReference; lastKnownFileType = image.png; path = "81-dashboard.png"; sourceTree = "<group>"; };
		CF1FCEAD12F98834000709B8 /* CoreLocation.framework */ = {isa = PBXFileReference; lastKnownFileType = wrapper.framework; name = CoreLocation.framework; path = System/Library/Frameworks/CoreLocation.framework; sourceTree = SDKROOT; };
/* End PBXFileReference section */

/* Begin PBXFrameworksBuildPhase section */
		1D60588F0D05DD3D006BFB54 /* Frameworks */ = {
			isa = PBXFrameworksBuildPhase;
			buildActionMask = 2147483647;
			files = (
				1D60589F0D05DD5A006BFB54 /* Foundation.framework in Frameworks */,
				1DF5F4E00D08C38300B7A737 /* UIKit.framework in Frameworks */,
				288765A50DF7441C002DB57D /* CoreGraphics.framework in Frameworks */,
				28D801B40F44B63D00FB423F /* CoreData.framework in Frameworks */,
				CF1FCEAE12F98834000709B8 /* CoreLocation.framework in Frameworks */,
			);
			runOnlyForDeploymentPostprocessing = 0;
		};
/* End PBXFrameworksBuildPhase section */

/* Begin PBXGroup section */
		080E96DDFE201D6D7F000001 /* Classes */ = {
			isa = PBXGroup;
			children = (
				CF1FCE8012F98633000709B8 /* Controllers */,
				CF1FCE8112F9866C000709B8 /* CoreData */,
				CF1FCE8212F98689000709B8 /* Model */,
				CF1FCE8312F9868E000709B8 /* RIM */,
				1D3623240D0F684500981E51 /* SysControlAppDelegate.h */,
				1D3623250D0F684500981E51 /* SysControlAppDelegate.m */,
			);
			path = Classes;
			sourceTree = "<group>";
		};
		19C28FACFE9D520D11CA2CBB /* Products */ = {
			isa = PBXGroup;
			children = (
				1D6058910D05DD3D006BFB54 /* SysControl.app */,
			);
			name = Products;
			sourceTree = "<group>";
		};
		29B97314FDCFA39411CA2CEA /* CustomTemplate */ = {
			isa = PBXGroup;
			children = (
				080E96DDFE201D6D7F000001 /* Classes */,
				29B97315FDCFA39411CA2CEA /* Other Sources */,
				29B97317FDCFA39411CA2CEA /* Resources */,
				29B97323FDCFA39411CA2CEA /* Frameworks */,
				19C28FACFE9D520D11CA2CBB /* Products */,
			);
			name = CustomTemplate;
			sourceTree = "<group>";
		};
		29B97315FDCFA39411CA2CEA /* Other Sources */ = {
			isa = PBXGroup;
			children = (
				32CA4F630368D1EE00C91783 /* SysControl_Prefix.pch */,
				29B97316FDCFA39411CA2CEA /* main.m */,
			);
			name = "Other Sources";
			sourceTree = "<group>";
		};
		29B97317FDCFA39411CA2CEA /* Resources */ = {
			isa = PBXGroup;
			children = (
				CF1FCE8812F986C6000709B8 /* Images */,
				CF1FCE8712F986BD000709B8 /* Logos */,
				CF1FCE8912F986CC000709B8 /* Views */,
				2819305F112F816700ECF9B4 /* SysControl.xcdatamodeld */,
				28AD733E0D9D9553002E5188 /* MainWindow.xib */,
				8D1107310486CEB800E47090 /* SysControl-Info.plist */,
			);
			name = Resources;
			sourceTree = "<group>";
		};
		29B97323FDCFA39411CA2CEA /* Frameworks */ = {
			isa = PBXGroup;
			children = (
				1DF5F4DF0D08C38300B7A737 /* UIKit.framework */,
				1D30AB110D05D00D00671497 /* Foundation.framework */,
				288765A40DF7441C002DB57D /* CoreGraphics.framework */,
				28D801B30F44B63D00FB423F /* CoreData.framework */,
				CF1FCEAD12F98834000709B8 /* CoreLocation.framework */,
			);
			name = Frameworks;
			sourceTree = "<group>";
		};
		CF1FCE8012F98633000709B8 /* Controllers */ = {
			isa = PBXGroup;
			children = (
				CF1FCE8C12F9877F000709B8 /* FirstTabViewController.h */,
				CF1FCE8D12F9877F000709B8 /* FirstTabViewController.m */,
				CF1FCE8E12F9877F000709B8 /* FourthTabViewController.h */,
				CF1FCE8F12F9877F000709B8 /* FourthTabViewController.m */,
				CF1FCE9012F9877F000709B8 /* SecondTabViewController.h */,
				CF1FCE9112F9877F000709B8 /* SecondTabViewController.m */,
				CF1FCE9212F9877F000709B8 /* ThirdTabViewController.h */,
				CF1FCE9312F9877F000709B8 /* ThirdTabViewController.m */,
			);
			path = Controllers;
			sourceTree = "<group>";
		};
		CF1FCE8112F9866C000709B8 /* CoreData */ = {
			isa = PBXGroup;
			children = (
			);
			path = CoreData;
			sourceTree = "<group>";
		};
		CF1FCE8212F98689000709B8 /* Model */ = {
			isa = PBXGroup;
			children = (
				CF1FCE9812F9878B000709B8 /* DeviceProperties.h */,
				CF1FCE9912F9878B000709B8 /* DeviceProperties.m */,
				CF1FCE9A12F9878B000709B8 /* DevicePropertiesFactory.h */,
				CF1FCE9B12F9878B000709B8 /* DevicePropertiesFactory.m */,
			);
			path = Model;
			sourceTree = "<group>";
		};
		CF1FCE8312F9868E000709B8 /* RIM */ = {
			isa = PBXGroup;
			children = (
			);
			path = RIM;
			sourceTree = "<group>";
		};
		CF1FCE8712F986BD000709B8 /* Logos */ = {
			isa = PBXGroup;
			children = (
				CF1FCE8A12F98711000709B8 /* apple-touch-icon-256.png */,
			);
			name = Logos;
			path = Resources/Logos;
			sourceTree = "<group>";
		};
		CF1FCE8812F986C6000709B8 /* Images */ = {
			isa = PBXGroup;
			children = (
				CF1FCEA012F987A2000709B8 /* 19-gear.png */,
				CF1FCEA112F987A2000709B8 /* 32-iphone.png */,
				CF1FCEA212F987A2000709B8 /* 73-radar.png */,
				CF1FCEA312F987A2000709B8 /* 81-dashboard.png */,
			);
			name = Images;
			path = Resources/Images;
			sourceTree = "<group>";
		};
		CF1FCE8912F986CC000709B8 /* Views */ = {
			isa = PBXGroup;
			children = (
				CF1FCE9E12F98799000709B8 /* ThirdTabView.xib */,
			);
			name = Views;
			path = Resources/Views;
			sourceTree = "<group>";
		};
/* End PBXGroup section */

/* Begin PBXNativeTarget section */
		1D6058900D05DD3D006BFB54 /* SysControl */ = {
			isa = PBXNativeTarget;
			buildConfigurationList = 1D6058960D05DD3E006BFB54 /* Build configuration list for PBXNativeTarget "SysControl" */;
			buildPhases = (
				1D60588D0D05DD3D006BFB54 /* Resources */,
				1D60588E0D05DD3D006BFB54 /* Sources */,
				1D60588F0D05DD3D006BFB54 /* Frameworks */,
			);
			buildRules = (
			);
			dependencies = (
			);
			name = SysControl;
			productName = SysControl;
			productReference = 1D6058910D05DD3D006BFB54 /* SysControl.app */;
			productType = "com.apple.product-type.application";
		};
/* End PBXNativeTarget section */

/* Begin PBXProject section */
		29B97313FDCFA39411CA2CEA /* Project object */ = {
			isa = PBXProject;
			buildConfigurationList = C01FCF4E08A954540054247B /* Build configuration list for PBXProject "SysControl" */;
			compatibilityVersion = "Xcode 3.2";
			developmentRegion = English;
			hasScannedForEncodings = 1;
			knownRegions = (
				English,
				Japanese,
				French,
				German,
			);
			mainGroup = 29B97314FDCFA39411CA2CEA /* CustomTemplate */;
			projectDirPath = "";
			projectRoot = "";
			targets = (
				1D6058900D05DD3D006BFB54 /* SysControl */,
			);
		};
/* End PBXProject section */

/* Begin PBXResourcesBuildPhase section */
		1D60588D0D05DD3D006BFB54 /* Resources */ = {
			isa = PBXResourcesBuildPhase;
			buildActionMask = 2147483647;
			files = (
				28AD733F0D9D9553002E5188 /* MainWindow.xib in Resources */,
				CF1FCE8B12F98711000709B8 /* apple-touch-icon-256.png in Resources */,
				CF1FCE9F12F98799000709B8 /* ThirdTabView.xib in Resources */,
				CF1FCEA412F987A2000709B8 /* 19-gear.png in Resources */,
				CF1FCEA512F987A2000709B8 /* 32-iphone.png in Resources */,
				CF1FCEA612F987A2000709B8 /* 73-radar.png in Resources */,
				CF1FCEA712F987A2000709B8 /* 81-dashboard.png in Resources */,
			);
			runOnlyForDeploymentPostprocessing = 0;
		};
/* End PBXResourcesBuildPhase section */

/* Begin PBXSourcesBuildPhase section */
		1D60588E0D05DD3D006BFB54 /* Sources */ = {
			isa = PBXSourcesBuildPhase;
			buildActionMask = 2147483647;
			files = (
				1D60589B0D05DD56006BFB54 /* main.m in Sources */,
				1D3623260D0F684500981E51 /* SysControlAppDelegate.m in Sources */,
				28193060112F816700ECF9B4 /* SysControl.xcdatamodeld in Sources */,
				CF1FCE9412F9877F000709B8 /* FirstTabViewController.m in Sources */,
				CF1FCE9512F9877F000709B8 /* FourthTabViewController.m in Sources */,
				CF1FCE9612F9877F000709B8 /* SecondTabViewController.m in Sources */,
				CF1FCE9712F9877F000709B8 /* ThirdTabViewController.m in Sources */,
				CF1FCE9C12F9878B000709B8 /* DeviceProperties.m in Sources */,
				CF1FCE9D12F9878B000709B8 /* DevicePropertiesFactory.m in Sources */,
			);
			runOnlyForDeploymentPostprocessing = 0;
		};
/* End PBXSourcesBuildPhase section */

/* Begin XCBuildConfiguration section */
		1D6058940D05DD3E006BFB54 /* Debug */ = {
			isa = XCBuildConfiguration;
			buildSettings = {
				ALWAYS_SEARCH_USER_PATHS = NO;
				COPY_PHASE_STRIP = NO;
				GCC_DYNAMIC_NO_PIC = NO;
				GCC_OPTIMIZATION_LEVEL = 0;
				GCC_PRECOMPILE_PREFIX_HEADER = YES;
				GCC_PREFIX_HEADER = SysControl_Prefix.pch;
				INFOPLIST_FILE = "SysControl-Info.plist";
				PRODUCT_NAME = SysControl;
			};
			name = Debug;
		};
		1D6058950D05DD3E006BFB54 /* Release */ = {
			isa = XCBuildConfiguration;
			buildSettings = {
				ALWAYS_SEARCH_USER_PATHS = NO;
				COPY_PHASE_STRIP = YES;
				GCC_PRECOMPILE_PREFIX_HEADER = YES;
				GCC_PREFIX_HEADER = SysControl_Prefix.pch;
				INFOPLIST_FILE = "SysControl-Info.plist";
				PRODUCT_NAME = SysControl;
				VALIDATE_PRODUCT = YES;
			};
			name = Release;
		};
		C01FCF4F08A954540054247B /* Debug */ = {
			isa = XCBuildConfiguration;
			buildSettings = {
				ARCHS = "$(ARCHS_STANDARD_32_BIT)";
				"CODE_SIGN_IDENTITY[sdk=iphoneos*]" = "iPhone Developer";
				GCC_C_LANGUAGE_STANDARD = c99;
				GCC_WARN_ABOUT_RETURN_TYPE = YES;
				GCC_WARN_UNUSED_VARIABLE = YES;
				IPHONEOS_DEPLOYMENT_TARGET = 4.0;
				PREBINDING = NO;
				SDKROOT = iphoneos;
			};
			name = Debug;
		};
		C01FCF5008A954540054247B /* Release */ = {
			isa = XCBuildConfiguration;
			buildSettings = {
				ARCHS = "$(ARCHS_STANDARD_32_BIT)";
				"CODE_SIGN_IDENTITY[sdk=iphoneos*]" = "iPhone Developer";
				GCC_C_LANGUAGE_STANDARD = c99;
				GCC_WARN_ABOUT_RETURN_TYPE = YES;
				GCC_WARN_UNUSED_VARIABLE = YES;
				IPHONEOS_DEPLOYMENT_TARGET = 4.0;
				OTHER_CFLAGS = "-DNS_BLOCK_ASSERTIONS=1";
				PREBINDING = NO;
				SDKROOT = iphoneos;
			};
			name = Release;
		};
/* End XCBuildConfiguration section */

/* Begin XCConfigurationList section */
		1D6058960D05DD3E006BFB54 /* Build configuration list for PBXNativeTarget "SysControl" */ = {
			isa = XCConfigurationList;
			buildConfigurations = (
				1D6058940D05DD3E006BFB54 /* Debug */,
				1D6058950D05DD3E006BFB54 /* Release */,
			);
			defaultConfigurationIsVisible = 0;
			defaultConfigurationName = Release;
		};
		C01FCF4E08A954540054247B /* Build configuration list for PBXProject "SysControl" */ = {
			isa = XCConfigurationList;
			buildConfigurations = (
				C01FCF4F08A954540054247B /* Debug */,
				C01FCF5008A954540054247B /* Release */,
			);
			defaultConfigurationIsVisible = 0;
			defaultConfigurationName = Release;
		};
/* End XCConfigurationList section */

/* Begin XCVersionGroup section */
		2819305F112F816700ECF9B4 /* SysControl.xcdatamodeld */ = {
			isa = XCVersionGroup;
			children = (
				28C3AD890F43EF2300507BA6 /* SysControl.xcdatamodel */,
			);
			currentVersion = 28C3AD890F43EF2300507BA6 /* SysControl.xcdatamodel */;
			path = SysControl.xcdatamodeld;
			sourceTree = "<group>";
			versionGroupType = wrapper.xcdatamodel;
		};
/* End XCVersionGroup section */
	};
	rootObject = 29B97313FDCFA39411CA2CEA /* Project object */;
}
